// !$*UTF8*$!
{
	archiveVersion = 1;
	classes = {
	};
	objectVersion = 50;
	objects = {

/* Begin PBXBuildFile section */
		213304B0236340F10000553B /* AppDelegate.swift in Sources */ = {isa = PBXBuildFile; fileRef = 213304AF236340F10000553B /* AppDelegate.swift */; };
		213304B2236340F10000553B /* SceneDelegate.swift in Sources */ = {isa = PBXBuildFile; fileRef = 213304B1236340F10000553B /* SceneDelegate.swift */; };
		213304B4236340F10000553B /* ContentView.swift in Sources */ = {isa = PBXBuildFile; fileRef = 213304B3236340F10000553B /* ContentView.swift */; };
		213304B6236340F40000553B /* Assets.xcassets in Resources */ = {isa = PBXBuildFile; fileRef = 213304B5236340F40000553B /* Assets.xcassets */; };
		213304B9236340F40000553B /* Preview Assets.xcassets in Resources */ = {isa = PBXBuildFile; fileRef = 213304B8236340F40000553B /* Preview Assets.xcassets */; };
		213304BC236340F40000553B /* LaunchScreen.storyboard in Resources */ = {isa = PBXBuildFile; fileRef = 213304BA236340F40000553B /* LaunchScreen.storyboard */; };
		213304D8236346C40000553B /* ExclusiveScan.swift in Sources */ = {isa = PBXBuildFile; fileRef = 213304D7236346C40000553B /* ExclusiveScan.swift */; };
		213304DA236346CD0000553B /* Scan.metal in Sources */ = {isa = PBXBuildFile; fileRef = 213304D9236346CD0000553B /* Scan.metal */; };
		213304DC236346D70000553B /* ExclusiveScanTests.swift in Sources */ = {isa = PBXBuildFile; fileRef = 213304DB236346D70000553B /* ExclusiveScanTests.swift */; };
/* End PBXBuildFile section */

/* Begin PBXContainerItemProxy section */
		213304C3236340F40000553B /* PBXContainerItemProxy */ = {
			isa = PBXContainerItemProxy;
			containerPortal = 213304A4236340F10000553B /* Project object */;
			proxyType = 1;
			remoteGlobalIDString = 213304AB236340F10000553B;
			remoteInfo = MetalScanApp;
		};
/* End PBXContainerItemProxy section */

/* Begin PBXFileReference section */
		213304AC236340F10000553B /* MetalScanApp.app */ = {isa = PBXFileReference; explicitFileType = wrapper.application; includeInIndex = 0; path = MetalScanApp.app; sourceTree = BUILT_PRODUCTS_DIR; };
		213304AF236340F10000553B /* AppDelegate.swift */ = {isa = PBXFileReference; lastKnownFileType = sourcecode.swift; path = AppDelegate.swift; sourceTree = "<group>"; };
		213304B1236340F10000553B /* SceneDelegate.swift */ = {isa = PBXFileReference; lastKnownFileType = sourcecode.swift; path = SceneDelegate.swift; sourceTree = "<group>"; };
		213304B3236340F10000553B /* ContentView.swift */ = {isa = PBXFileReference; lastKnownFileType = sourcecode.swift; path = ContentView.swift; sourceTree = "<group>"; };
		213304B5236340F40000553B /* Assets.xcassets */ = {isa = PBXFileReference; lastKnownFileType = folder.assetcatalog; path = Assets.xcassets; sourceTree = "<group>"; };
		213304B8236340F40000553B /* Preview Assets.xcassets */ = {isa = PBXFileReference; lastKnownFileType = folder.assetcatalog; path = "Preview Assets.xcassets"; sourceTree = "<group>"; };
		213304BB236340F40000553B /* Base */ = {isa = PBXFileReference; lastKnownFileType = file.storyboard; name = Base; path = Base.lproj/LaunchScreen.storyboard; sourceTree = "<group>"; };
		213304BD236340F40000553B /* Info.plist */ = {isa = PBXFileReference; lastKnownFileType = text.plist.xml; path = Info.plist; sourceTree = "<group>"; };
		213304C2236340F40000553B /* MetalScanAppTests.xctest */ = {isa = PBXFileReference; explicitFileType = wrapper.cfbundle; includeInIndex = 0; path = MetalScanAppTests.xctest; sourceTree = BUILT_PRODUCTS_DIR; };
		213304C8236340F40000553B /* Info.plist */ = {isa = PBXFileReference; lastKnownFileType = text.plist.xml; path = Info.plist; sourceTree = "<group>"; };
		213304D7236346C40000553B /* ExclusiveScan.swift */ = {isa = PBXFileReference; fileEncoding = 4; lastKnownFileType = sourcecode.swift; path = ExclusiveScan.swift; sourceTree = "<group>"; };
		213304D9236346CD0000553B /* Scan.metal */ = {isa = PBXFileReference; fileEncoding = 4; lastKnownFileType = sourcecode.metal; path = Scan.metal; sourceTree = "<group>"; };
		213304DB236346D70000553B /* ExclusiveScanTests.swift */ = {isa = PBXFileReference; fileEncoding = 4; lastKnownFileType = sourcecode.swift; path = ExclusiveScanTests.swift; sourceTree = "<group>"; };
/* End PBXFileReference section */

/* Begin PBXFrameworksBuildPhase section */
		213304A9236340F10000553B /* Frameworks */ = {
			isa = PBXFrameworksBuildPhase;
			buildActionMask = 2147483647;
			files = (
			);
			runOnlyForDeploymentPostprocessing = 0;
		};
		213304BF236340F40000553B /* Frameworks */ = {
			isa = PBXFrameworksBuildPhase;
			buildActionMask = 2147483647;
			files = (
			);
			runOnlyForDeploymentPostprocessing = 0;
		};
/* End PBXFrameworksBuildPhase section */

/* Begin PBXGroup section */
		213304A3236340F10000553B = {
			isa = PBXGroup;
			children = (
				213304AE236340F10000553B /* MetalScanApp */,
				213304C5236340F40000553B /* MetalScanAppTests */,
				213304AD236340F10000553B /* Products */,
			);
			sourceTree = "<group>";
		};
		213304AD236340F10000553B /* Products */ = {
			isa = PBXGroup;
			children = (
				213304AC236340F10000553B /* MetalScanApp.app */,
				213304C2236340F40000553B /* MetalScanAppTests.xctest */,
			);
			name = Products;
			sourceTree = "<group>";
		};
		213304AE236340F10000553B /* MetalScanApp */ = {
			isa = PBXGroup;
			children = (
				213304AF236340F10000553B /* AppDelegate.swift */,
				213304B5236340F40000553B /* Assets.xcassets */,
				213304B3236340F10000553B /* ContentView.swift */,
				213304D7236346C40000553B /* ExclusiveScan.swift */,
				213304BD236340F40000553B /* Info.plist */,
				213304BA236340F40000553B /* LaunchScreen.storyboard */,
				213304B7236340F40000553B /* Preview Content */,
				213304D9236346CD0000553B /* Scan.metal */,
				213304B1236340F10000553B /* SceneDelegate.swift */,
			);
			path = MetalScanApp;
			sourceTree = "<group>";
		};
		213304B7236340F40000553B /* Preview Content */ = {
			isa = PBXGroup;
			children = (
				213304B8236340F40000553B /* Preview Assets.xcassets */,
			);
			path = "Preview Content";
			sourceTree = "<group>";
		};
		213304C5236340F40000553B /* MetalScanAppTests */ = {
			isa = PBXGroup;
			children = (
				213304DB236346D70000553B /* ExclusiveScanTests.swift */,
				213304C8236340F40000553B /* Info.plist */,
			);
			path = MetalScanAppTests;
			sourceTree = "<group>";
		};
/* End PBXGroup section */

/* Begin PBXNativeTarget section */
		213304AB236340F10000553B /* MetalScanApp */ = {
			isa = PBXNativeTarget;
			buildConfigurationList = 213304CB236340F40000553B /* Build configuration list for PBXNativeTarget "MetalScanApp" */;
			buildPhases = (
				213304A8236340F10000553B /* Sources */,
				213304A9236340F10000553B /* Frameworks */,
				213304AA236340F10000553B /* Resources */,
			);
			buildRules = (
			);
			dependencies = (
			);
			name = MetalScanApp;
			productName = MetalScanApp;
			productReference = 213304AC236340F10000553B /* MetalScanApp.app */;
			productType = "com.apple.product-type.application";
		};
		213304C1236340F40000553B /* MetalScanAppTests */ = {
			isa = PBXNativeTarget;
			buildConfigurationList = 213304CE236340F40000553B /* Build configuration list for PBXNativeTarget "MetalScanAppTests" */;
			buildPhases = (
				213304BE236340F40000553B /* Sources */,
				213304BF236340F40000553B /* Frameworks */,
				213304C0236340F40000553B /* Resources */,
			);
			buildRules = (
			);
			dependencies = (
				213304C4236340F40000553B /* PBXTargetDependency */,
			);
			name = MetalScanAppTests;
			productName = MetalScanAppTests;
			productReference = 213304C2236340F40000553B /* MetalScanAppTests.xctest */;
			productType = "com.apple.product-type.bundle.unit-test";
		};
/* End PBXNativeTarget section */

/* Begin PBXProject section */
		213304A4236340F10000553B /* Project object */ = {
			isa = PBXProject;
			attributes = {
				LastSwiftUpdateCheck = 1110;
				LastUpgradeCheck = 1110;
				ORGANIZATIONNAME = yekuang;
				TargetAttributes = {
					213304AB236340F10000553B = {
						CreatedOnToolsVersion = 11.1;
					};
					213304C1236340F40000553B = {
						CreatedOnToolsVersion = 11.1;
						TestTargetID = 213304AB236340F10000553B;
					};
				};
			};
			buildConfigurationList = 213304A7236340F10000553B /* Build configuration list for PBXProject "MetalScanApp" */;
			compatibilityVersion = "Xcode 9.3";
			developmentRegion = en;
			hasScannedForEncodings = 0;
			knownRegions = (
				en,
				Base,
			);
			mainGroup = 213304A3236340F10000553B;
			productRefGroup = 213304AD236340F10000553B /* Products */;
			projectDirPath = "";
			projectRoot = "";
			targets = (
				213304AB236340F10000553B /* MetalScanApp */,
				213304C1236340F40000553B /* MetalScanAppTests */,
			);
		};
/* End PBXProject section */

/* Begin PBXResourcesBuildPhase section */
		213304AA236340F10000553B /* Resources */ = {
			isa = PBXResourcesBuildPhase;
			buildActionMask = 2147483647;
			files = (
				213304BC236340F40000553B /* LaunchScreen.storyboard in Resources */,
				213304B9236340F40000553B /* Preview Assets.xcassets in Resources */,
				213304B6236340F40000553B /* Assets.xcassets in Resources */,
			);
			runOnlyForDeploymentPostprocessing = 0;
		};
		213304C0236340F40000553B /* Resources */ = {
			isa = PBXResourcesBuildPhase;
			buildActionMask = 2147483647;
			files = (
			);
			runOnlyForDeploymentPostprocessing = 0;
		};
/* End PBXResourcesBuildPhase section */

/* Begin PBXSourcesBuildPhase section */
		213304A8236340F10000553B /* Sources */ = {
			isa = PBXSourcesBuildPhase;
			buildActionMask = 2147483647;
			files = (
				213304B0236340F10000553B /* AppDelegate.swift in Sources */,
				213304DA236346CD0000553B /* Scan.metal in Sources */,
				213304B2236340F10000553B /* SceneDelegate.swift in Sources */,
				213304B4236340F10000553B /* ContentView.swift in Sources */,
				213304D8236346C40000553B /* ExclusiveScan.swift in Sources */,
			);
			runOnlyForDeploymentPostprocessing = 0;
		};
		213304BE236340F40000553B /* Sources */ = {
			isa = PBXSourcesBuildPhase;
			buildActionMask = 2147483647;
			files = (
				213304DC236346D70000553B /* ExclusiveScanTests.swift in Sources */,
			);
			runOnlyForDeploymentPostprocessing = 0;
		};
/* End PBXSourcesBuildPhase section */

/* Begin PBXTargetDependency section */
		213304C4236340F40000553B /* PBXTargetDependency */ = {
			isa = PBXTargetDependency;
			target = 213304AB236340F10000553B /* MetalScanApp */;
			targetProxy = 213304C3236340F40000553B /* PBXContainerItemProxy */;
		};
/* End PBXTargetDependency section */

/* Begin PBXVariantGroup section */
		213304BA236340F40000553B /* LaunchScreen.storyboard */ = {
			isa = PBXVariantGroup;
			children = (
				213304BB236340F40000553B /* Base */,
			);
			name = LaunchScreen.storyboard;
			sourceTree = "<group>";
		};
/* End PBXVariantGroup section */

/* Begin XCBuildConfiguration section */
		213304C9236340F40000553B /* Debug */ = {
			isa = XCBuildConfiguration;
			buildSettings = {
				ALWAYS_SEARCH_USER_PATHS = NO;
				CLANG_ANALYZER_NONNULL = YES;
				CLANG_ANALYZER_NUMBER_OBJECT_CONVERSION = YES_AGGRESSIVE;
				CLANG_CXX_LANGUAGE_STANDARD = "gnu++14";
				CLANG_CXX_LIBRARY = "libc++";
				CLANG_ENABLE_MODULES = YES;
				CLANG_ENABLE_OBJC_ARC = YES;
				CLANG_ENABLE_OBJC_WEAK = YES;
				CLANG_WARN_BLOCK_CAPTURE_AUTORELEASING = YES;
				CLANG_WARN_BOOL_CONVERSION = YES;
				CLANG_WARN_COMMA = YES;
				CLANG_WARN_CONSTANT_CONVERSION = YES;
				CLANG_WARN_DEPRECATED_OBJC_IMPLEMENTATIONS = YES;
				CLANG_WARN_DIRECT_OBJC_ISA_USAGE = YES_ERROR;
				CLANG_WARN_DOCUMENTATION_COMMENTS = YES;
				CLANG_WARN_EMPTY_BODY = YES;
				CLANG_WARN_ENUM_CONVERSION = YES;
				CLANG_WARN_INFINITE_RECURSION = YES;
				CLANG_WARN_INT_CONVERSION = YES;
				CLANG_WARN_NON_LITERAL_NULL_CONVERSION = YES;
				CLANG_WARN_OBJC_IMPLICIT_RETAIN_SELF = YES;
				CLANG_WARN_OBJC_LITERAL_CONVERSION = YES;
				CLANG_WARN_OBJC_ROOT_CLASS = YES_ERROR;
				CLANG_WARN_RANGE_LOOP_ANALYSIS = YES;
				CLANG_WARN_STRICT_PROTOTYPES = YES;
				CLANG_WARN_SUSPICIOUS_MOVE = YES;
				CLANG_WARN_UNGUARDED_AVAILABILITY = YES_AGGRESSIVE;
				CLANG_WARN_UNREACHABLE_CODE = YES;
				CLANG_WARN__DUPLICATE_METHOD_MATCH = YES;
				COPY_PHASE_STRIP = NO;
				DEBUG_INFORMATION_FORMAT = dwarf;
				ENABLE_STRICT_OBJC_MSGSEND = YES;
				ENABLE_TESTABILITY = YES;
				GCC_C_LANGUAGE_STANDARD = gnu11;
				GCC_DYNAMIC_NO_PIC = NO;
				GCC_NO_COMMON_BLOCKS = YES;
				GCC_OPTIMIZATION_LEVEL = 0;
				GCC_PREPROCESSOR_DEFINITIONS = (
					"DEBUG=1",
					"$(inherited)",
				);
				GCC_WARN_64_TO_32_BIT_CONVERSION = YES;
				GCC_WARN_ABOUT_RETURN_TYPE = YES_ERROR;
				GCC_WARN_UNDECLARED_SELECTOR = YES;
				GCC_WARN_UNINITIALIZED_AUTOS = YES_AGGRESSIVE;
				GCC_WARN_UNUSED_FUNCTION = YES;
				GCC_WARN_UNUSED_VARIABLE = YES;
				IPHONEOS_DEPLOYMENT_TARGET = 13.1;
				MTL_ENABLE_DEBUG_INFO = INCLUDE_SOURCE;
				MTL_FAST_MATH = YES;
				ONLY_ACTIVE_ARCH = YES;
				SDKROOT = iphoneos;
				SWIFT_ACTIVE_COMPILATION_CONDITIONS = DEBUG;
				SWIFT_OPTIMIZATION_LEVEL = "-Onone";
			};
			name = Debug;
		};
		213304CA236340F40000553B /* Release */ = {
			isa = XCBuildConfiguration;
			buildSettings = {
				ALWAYS_SEARCH_USER_PATHS = NO;
				CLANG_ANALYZER_NONNULL = YES;
				CLANG_ANALYZER_NUMBER_OBJECT_CONVERSION = YES_AGGRESSIVE;
				CLANG_CXX_LANGUAGE_STANDARD = "gnu++14";
				CLANG_CXX_LIBRARY = "libc++";
				CLANG_ENABLE_MODULES = YES;
				CLANG_ENABLE_OBJC_ARC = YES;
				CLANG_ENABLE_OBJC_WEAK = YES;
				CLANG_WARN_BLOCK_CAPTURE_AUTORELEASING = YES;
				CLANG_WARN_BOOL_CONVERSION = YES;
				CLANG_WARN_COMMA = YES;
				CLANG_WARN_CONSTANT_CONVERSION = YES;
				CLANG_WARN_DEPRECATED_OBJC_IMPLEMENTATIONS = YES;
				CLANG_WARN_DIRECT_OBJC_ISA_USAGE = YES_ERROR;
				CLANG_WARN_DOCUMENTATION_COMMENTS = YES;
				CLANG_WARN_EMPTY_BODY = YES;
				CLANG_WARN_ENUM_CONVERSION = YES;
				CLANG_WARN_INFINITE_RECURSION = YES;
				CLANG_WARN_INT_CONVERSION = YES;
				CLANG_WARN_NON_LITERAL_NULL_CONVERSION = YES;
				CLANG_WARN_OBJC_IMPLICIT_RETAIN_SELF = YES;
				CLANG_WARN_OBJC_LITERAL_CONVERSION = YES;
				CLANG_WARN_OBJC_ROOT_CLASS = YES_ERROR;
				CLANG_WARN_RANGE_LOOP_ANALYSIS = YES;
				CLANG_WARN_STRICT_PROTOTYPES = YES;
				CLANG_WARN_SUSPICIOUS_MOVE = YES;
				CLANG_WARN_UNGUARDED_AVAILABILITY = YES_AGGRESSIVE;
				CLANG_WARN_UNREACHABLE_CODE = YES;
				CLANG_WARN__DUPLICATE_METHOD_MATCH = YES;
				COPY_PHASE_STRIP = NO;
				DEBUG_INFORMATION_FORMAT = "dwarf-with-dsym";
				ENABLE_NS_ASSERTIONS = NO;
				ENABLE_STRICT_OBJC_MSGSEND = YES;
				GCC_C_LANGUAGE_STANDARD = gnu11;
				GCC_NO_COMMON_BLOCKS = YES;
				GCC_WARN_64_TO_32_BIT_CONVERSION = YES;
				GCC_WARN_ABOUT_RETURN_TYPE = YES_ERROR;
				GCC_WARN_UNDECLARED_SELECTOR = YES;
				GCC_WARN_UNINITIALIZED_AUTOS = YES_AGGRESSIVE;
				GCC_WARN_UNUSED_FUNCTION = YES;
				GCC_WARN_UNUSED_VARIABLE = YES;
				IPHONEOS_DEPLOYMENT_TARGET = 13.1;
				MTL_ENABLE_DEBUG_INFO = NO;
				MTL_FAST_MATH = YES;
				SDKROOT = iphoneos;
				SWIFT_COMPILATION_MODE = wholemodule;
				SWIFT_OPTIMIZATION_LEVEL = "-O";
				VALIDATE_PRODUCT = YES;
			};
			name = Release;
		};
		213304CC236340F40000553B /* Debug */ = {
			isa = XCBuildConfiguration;
			buildSettings = {
				ASSETCATALOG_COMPILER_APPICON_NAME = AppIcon;
				CODE_SIGN_STYLE = Automatic;
				DEVELOPMENT_ASSET_PATHS = "\"MetalScanApp/Preview Content\"";
				DEVELOPMENT_TEAM = LYKV6GA2N7;
				ENABLE_PREVIEWS = YES;
				INFOPLIST_FILE = MetalScanApp/Info.plist;
				LD_RUNPATH_SEARCH_PATHS = (
					"$(inherited)",
					"@executable_path/Frameworks",
				);
				PRODUCT_BUNDLE_IDENTIFIER = yekuang.MetalScanApp;
				PRODUCT_NAME = "$(TARGET_NAME)";
				SWIFT_VERSION = 5.0;
				TARGETED_DEVICE_FAMILY = "1,2";
			};
			name = Debug;
		};
		213304CD236340F40000553B /* Release */ = {
			isa = XCBuildConfiguration;
			buildSettings = {
				ASSETCATALOG_COMPILER_APPICON_NAME = AppIcon;
				CODE_SIGN_STYLE = Automatic;
				DEVELOPMENT_ASSET_PATHS = "\"MetalScanApp/Preview Content\"";
				DEVELOPMENT_TEAM = LYKV6GA2N7;
				ENABLE_PREVIEWS = YES;
				INFOPLIST_FILE = MetalScanApp/Info.plist;
				LD_RUNPATH_SEARCH_PATHS = (
					"$(inherited)",
					"@executable_path/Frameworks",
				);
				PRODUCT_BUNDLE_IDENTIFIER = yekuang.MetalScanApp;
				PRODUCT_NAME = "$(TARGET_NAME)";
				SWIFT_VERSION = 5.0;
				TARGETED_DEVICE_FAMILY = "1,2";
			};
			name = Release;
		};
		213304CF236340F40000553B /* Debug */ = {
			isa = XCBuildConfiguration;
			buildSettings = {
				ALWAYS_EMBED_SWIFT_STANDARD_LIBRARIES = YES;
				BUNDLE_LOADER = "$(TEST_HOST)";
				CODE_SIGN_STYLE = Automatic;
				DEVELOPMENT_TEAM = LYKV6GA2N7;
				INFOPLIST_FILE = MetalScanAppTests/Info.plist;
				IPHONEOS_DEPLOYMENT_TARGET = 13.1;
				LD_RUNPATH_SEARCH_PATHS = (
					"$(inherited)",
					"@executable_path/Frameworks",
					"@loader_path/Frameworks",
				);
				PRODUCT_BUNDLE_IDENTIFIER = yekuang.MetalScanAppTests;
				PRODUCT_NAME = "$(TARGET_NAME)";
				SWIFT_VERSION = 5.0;
				TARGETED_DEVICE_FAMILY = "1,2";
				TEST_HOST = "$(BUILT_PRODUCTS_DIR)/MetalScanApp.app/MetalScanApp";
			};
			name = Debug;
		};
		213304D0236340F40000553B /* Release */ = {
			isa = XCBuildConfiguration;
			buildSettings = {
				ALWAYS_EMBED_SWIFT_STANDARD_LIBRARIES = YES;
				BUNDLE_LOADER = "$(TEST_HOST)";
				CODE_SIGN_STYLE = Automatic;
				DEVELOPMENT_TEAM = LYKV6GA2N7;
				INFOPLIST_FILE = MetalScanAppTests/Info.plist;
				IPHONEOS_DEPLOYMENT_TARGET = 13.1;
				LD_RUNPATH_SEARCH_PATHS = (
					"$(inherited)",
					"@executable_path/Frameworks",
					"@loader_path/Frameworks",
				);
				PRODUCT_BUNDLE_IDENTIFIER = yekuang.MetalScanAppTests;
				PRODUCT_NAME = "$(TARGET_NAME)";
				SWIFT_VERSION = 5.0;
				TARGETED_DEVICE_FAMILY = "1,2";
				TEST_HOST = "$(BUILT_PRODUCTS_DIR)/MetalScanApp.app/MetalScanApp";
			};
			name = Release;
		};
/* End XCBuildConfiguration section */

/* Begin XCConfigurationList section */
		213304A7236340F10000553B /* Build configuration list for PBXProject "MetalScanApp" */ = {
			isa = XCConfigurationList;
			buildConfigurations = (
				213304C9236340F40000553B /* Debug */,
				213304CA236340F40000553B /* Release */,
			);
			defaultConfigurationIsVisible = 0;
			defaultConfigurationName = Release;
		};
		213304CB236340F40000553B /* Build configuration list for PBXNativeTarget "MetalScanApp" */ = {
			isa = XCConfigurationList;
			buildConfigurations = (
				213304CC236340F40000553B /* Debug */,
				213304CD236340F40000553B /* Release */,
			);
			defaultConfigurationIsVisible = 0;
			defaultConfigurationName = Release;
		};
		213304CE236340F40000553B /* Build configuration list for PBXNativeTarget "MetalScanAppTests" */ = {
			isa = XCConfigurationList;
			buildConfigurations = (
				213304CF236340F40000553B /* Debug */,
				213304D0236340F40000553B /* Release */,
			);
			defaultConfigurationIsVisible = 0;
			defaultConfigurationName = Release;
		};
/* End XCConfigurationList section */
	};
	rootObject = 213304A4236340F10000553B /* Project object */;
}
